
Microsoft Visual Studio Solution File, Format Version 12.00
# Visual Studio Version 16
VisualStudioVersion = 16.0.28803.352
MinimumVisualStudioVersion = 10.0.40219.1
Project("{FAE04EC0-301F-11D3-BF4B-00C04F79EFBC}") = "StrangeGame", "StrangeGame\StrangeGame.csproj", "{D98FE70D-1DFC-4EE4-AA7F-9B5BF16B6EFB}"
EndProject
Global
	GlobalSection(SolutionConfigurationPlatforms) = preSolution
		Debug|Any CPU = Debug|Any CPU
		Release|Any CPU = Release|Any CPU
	EndGlobalSection
	GlobalSection(ProjectConfigurationPlatforms) = postSolution
		{D98FE70D-1DFC-4EE4-AA7F-9B5BF16B6EFB}.Debug|Any CPU.ActiveCfg = Debug|Any CPU
		{D98FE70D-1DFC-4EE4-AA7F-9B5BF16B6EFB}.Debug|Any CPU.Build.0 = Debug|Any CPU
		{D98FE70D-1DFC-4EE4-AA7F-9B5BF16B6EFB}.Release|Any CPU.ActiveCfg = Release|Any CPU
		{D98FE70D-1DFC-4EE4-AA7F-9B5BF16B6EFB}.Release|Any CPU.Build.0 = Release|Any CPU
	EndGlobalSection
	GlobalSection(SolutionProperties) = preSolution
		HideSolutionNode = FALSE
	EndGlobalSection
	GlobalSection(ExtensibilityGlobals) = postSolution
		SolutionGuid = {BE62A711-4893-49C2-AA4F-AD5AEA053554}
	EndGlobalSection
EndGlobal
