
Microsoft Visual Studio Solution File, Format Version 12.00
# Visual Studio Version 16
VisualStudioVersion = 16.0.28803.352
MinimumVisualStudioVersion = 10.0.40219.1
Project("{FAE04EC0-301F-11D3-BF4B-00C04F79EFBC}") = "Productivity", "Productivity\Productivity.csproj", "{DBD10234-2368-44C5-8997-430748A386DD}"
EndProject
Global
	GlobalSection(SolutionConfigurationPlatforms) = preSolution
		Debug|Any CPU = Debug|Any CPU
		Release|Any CPU = Release|Any CPU
	EndGlobalSection
	GlobalSection(ProjectConfigurationPlatforms) = postSolution
		{DBD10234-2368-44C5-8997-430748A386DD}.Debug|Any CPU.ActiveCfg = Debug|Any CPU
		{DBD10234-2368-44C5-8997-430748A386DD}.Debug|Any CPU.Build.0 = Debug|Any CPU
		{DBD10234-2368-44C5-8997-430748A386DD}.Release|Any CPU.ActiveCfg = Release|Any CPU
		{DBD10234-2368-44C5-8997-430748A386DD}.Release|Any CPU.Build.0 = Release|Any CPU
	EndGlobalSection
	GlobalSection(SolutionProperties) = preSolution
		HideSolutionNode = FALSE
	EndGlobalSection
	GlobalSection(ExtensibilityGlobals) = postSolution
		SolutionGuid = {FEB09A74-D911-41E1-A6A8-907CF4D13D38}
	EndGlobalSection
EndGlobal
